
Microsoft Visual Studio Solution File, Format Version 12.00
# Visual Studio 2017
Project("{FAE04EC0-301F-11D3-BF4B-00C04F79EFBC}") = "Island Survival.Plugins", "Island Survival.Plugins.csproj", "{5462F1B3-0502-C42E-39BD-8BD885738F6D}"
EndProject
Project("{FAE04EC0-301F-11D3-BF4B-00C04F79EFBC}") = "Island Survival", "Island Survival.csproj", "{D3C698E9-54AF-162F-5665-155674305D94}"
EndProject
Project("{FAE04EC0-301F-11D3-BF4B-00C04F79EFBC}") = "Island Survival.Editor.Plugins", "Island Survival.Editor.Plugins.csproj", "{40D40BEB-02EF-A786-82E0-7D4F63108412}"
EndProject
Global
	GlobalSection(SolutionConfigurationPlatforms) = preSolution
		Debug|Any CPU = Debug|Any CPU
		Release|Any CPU = Release|Any CPU
	EndGlobalSection
	GlobalSection(ProjectConfigurationPlatforms) = postSolution
		{5462F1B3-0502-C42E-39BD-8BD885738F6D}.Debug|Any CPU.ActiveCfg = Debug|Any CPU
		{5462F1B3-0502-C42E-39BD-8BD885738F6D}.Debug|Any CPU.Build.0 = Debug|Any CPU
		{5462F1B3-0502-C42E-39BD-8BD885738F6D}.Release|Any CPU.ActiveCfg = Release|Any CPU
		{5462F1B3-0502-C42E-39BD-8BD885738F6D}.Release|Any CPU.Build.0 = Release|Any CPU
		{D3C698E9-54AF-162F-5665-155674305D94}.Debug|Any CPU.ActiveCfg = Debug|Any CPU
		{D3C698E9-54AF-162F-5665-155674305D94}.Debug|Any CPU.Build.0 = Debug|Any CPU
		{D3C698E9-54AF-162F-5665-155674305D94}.Release|Any CPU.ActiveCfg = Release|Any CPU
		{D3C698E9-54AF-162F-5665-155674305D94}.Release|Any CPU.Build.0 = Release|Any CPU
		{40D40BEB-02EF-A786-82E0-7D4F63108412}.Debug|Any CPU.ActiveCfg = Debug|Any CPU
		{40D40BEB-02EF-A786-82E0-7D4F63108412}.Debug|Any CPU.Build.0 = Debug|Any CPU
		{40D40BEB-02EF-A786-82E0-7D4F63108412}.Release|Any CPU.ActiveCfg = Release|Any CPU
		{40D40BEB-02EF-A786-82E0-7D4F63108412}.Release|Any CPU.Build.0 = Release|Any CPU
	EndGlobalSection
	GlobalSection(SolutionProperties) = preSolution
		HideSolutionNode = FALSE
	EndGlobalSection
EndGlobal
